
Microsoft Visual Studio Solution File, Format Version 11.00
# Visual Studio 2010
Project("{FAE04EC0-301F-11D3-BF4B-00C04F79EFBC}") = "InvoiceTest", "InvoiceClass\InvoiceTest.csproj", "{A8831EB8-1CDF-4C96-9090-D5CB60C93B14}"
EndProject
Global
	GlobalSection(SolutionConfigurationPlatforms) = preSolution
		Debug|x86 = Debug|x86
		Release|x86 = Release|x86
	EndGlobalSection
	GlobalSection(ProjectConfigurationPlatforms) = postSolution
		{A8831EB8-1CDF-4C96-9090-D5CB60C93B14}.Debug|x86.ActiveCfg = Debug|x86
		{A8831EB8-1CDF-4C96-9090-D5CB60C93B14}.Debug|x86.Build.0 = Debug|x86
		{A8831EB8-1CDF-4C96-9090-D5CB60C93B14}.Release|x86.ActiveCfg = Release|x86
		{A8831EB8-1CDF-4C96-9090-D5CB60C93B14}.Release|x86.Build.0 = Release|x86
	EndGlobalSection
	GlobalSection(SolutionProperties) = preSolution
		HideSolutionNode = FALSE
	EndGlobalSection
EndGlobal
